
Microsoft Visual Studio Solution File, Format Version 12.00
# Visual Studio Version 16
VisualStudioVersion = 16.0.30320.27
MinimumVisualStudioVersion = 10.0.40219.1
Project("{FAE04EC0-301F-11D3-BF4B-00C04F79EFBC}") = "EFDemo", "EFDemo.csproj", "{99E2B36D-F650-4FCC-A81C-A71CFA4A0456}"
EndProject
Global
	GlobalSection(SolutionConfigurationPlatforms) = preSolution
		Debug|Any CPU = Debug|Any CPU
		Release|Any CPU = Release|Any CPU
	EndGlobalSection
	GlobalSection(ProjectConfigurationPlatforms) = postSolution
		{99E2B36D-F650-4FCC-A81C-A71CFA4A0456}.Debug|Any CPU.ActiveCfg = Debug|Any CPU
		{99E2B36D-F650-4FCC-A81C-A71CFA4A0456}.Debug|Any CPU.Build.0 = Debug|Any CPU
		{99E2B36D-F650-4FCC-A81C-A71CFA4A0456}.Release|Any CPU.ActiveCfg = Release|Any CPU
		{99E2B36D-F650-4FCC-A81C-A71CFA4A0456}.Release|Any CPU.Build.0 = Release|Any CPU
	EndGlobalSection
	GlobalSection(SolutionProperties) = preSolution
		HideSolutionNode = FALSE
	EndGlobalSection
	GlobalSection(ExtensibilityGlobals) = postSolution
		SolutionGuid = {DDF01393-9538-46C8-BB39-784CA6332223}
	EndGlobalSection
EndGlobal
